
Microsoft Visual Studio Solution File, Format Version 12.00
# Visual Studio Version 17
VisualStudioVersion = 17.6.33801.468
MinimumVisualStudioVersion = 10.0.40219.1
Project("{FAE04EC0-301F-11D3-BF4B-00C04F79EFBC}") = "WpfResourceApp", "WpfResourceApp\WpfResourceApp.csproj", "{A3FE478F-A572-43EB-BAC1-8A8559B8F204}"
EndProject
Global
	GlobalSection(SolutionConfigurationPlatforms) = preSolution
		Debug|Any CPU = Debug|Any CPU
		Release|Any CPU = Release|Any CPU
	EndGlobalSection
	GlobalSection(ProjectConfigurationPlatforms) = postSolution
		{A3FE478F-A572-43EB-BAC1-8A8559B8F204}.Debug|Any CPU.ActiveCfg = Debug|Any CPU
		{A3FE478F-A572-43EB-BAC1-8A8559B8F204}.Debug|Any CPU.Build.0 = Debug|Any CPU
		{A3FE478F-A572-43EB-BAC1-8A8559B8F204}.Release|Any CPU.ActiveCfg = Release|Any CPU
		{A3FE478F-A572-43EB-BAC1-8A8559B8F204}.Release|Any CPU.Build.0 = Release|Any CPU
	EndGlobalSection
	GlobalSection(SolutionProperties) = preSolution
		HideSolutionNode = FALSE
	EndGlobalSection
	GlobalSection(ExtensibilityGlobals) = postSolution
		SolutionGuid = {8AB8F4AC-3FF7-442C-A978-E6639BB7413B}
	EndGlobalSection
EndGlobal
